// !$*UTF8*$!
{
	archiveVersion = 1;
	classes = {
	};
	objectVersion = 55;
	objects = {

/* Begin PBXBuildFile section */
		8CB3A9DC2862F88A00AB5962 /* AppDelegate.swift in Sources */ = {isa = PBXBuildFile; fileRef = 8CB3A9DB2862F88A00AB5962 /* AppDelegate.swift */; };
		8CB3A9DE2862F88A00AB5962 /* SceneDelegate.swift in Sources */ = {isa = PBXBuildFile; fileRef = 8CB3A9DD2862F88A00AB5962 /* SceneDelegate.swift */; };
		8CB3A9E02862F88A00AB5962 /* ViewController.swift in Sources */ = {isa = PBXBuildFile; fileRef = 8CB3A9DF2862F88A00AB5962 /* ViewController.swift */; };
		8CB3A9E32862F88A00AB5962 /* Main.storyboard in Resources */ = {isa = PBXBuildFile; fileRef = 8CB3A9E12862F88A00AB5962 /* Main.storyboard */; };
		8CB3A9E52862F88B00AB5962 /* Assets.xcassets in Resources */ = {isa = PBXBuildFile; fileRef = 8CB3A9E42862F88B00AB5962 /* Assets.xcassets */; };
		8CB3A9E82862F88B00AB5962 /* LaunchScreen.storyboard in Resources */ = {isa = PBXBuildFile; fileRef = 8CB3A9E62862F88B00AB5962 /* LaunchScreen.storyboard */; };
		8CB3A9F32862F88B00AB5962 /* gitflowTestTests.swift in Sources */ = {isa = PBXBuildFile; fileRef = 8CB3A9F22862F88B00AB5962 /* gitflowTestTests.swift */; };
		8CB3A9FD2862F88B00AB5962 /* gitflowTestUITests.swift in Sources */ = {isa = PBXBuildFile; fileRef = 8CB3A9FC2862F88B00AB5962 /* gitflowTestUITests.swift */; };
		8CB3A9FF2862F88B00AB5962 /* gitflowTestUITestsLaunchTests.swift in Sources */ = {isa = PBXBuildFile; fileRef = 8CB3A9FE2862F88B00AB5962 /* gitflowTestUITestsLaunchTests.swift */; };
/* End PBXBuildFile section */

/* Begin PBXContainerItemProxy section */
		8CB3A9EF2862F88B00AB5962 /* PBXContainerItemProxy */ = {
			isa = PBXContainerItemProxy;
			containerPortal = 8CB3A9D02862F88A00AB5962 /* Project object */;
			proxyType = 1;
			remoteGlobalIDString = 8CB3A9D72862F88A00AB5962;
			remoteInfo = gitflowTest;
		};
		8CB3A9F92862F88B00AB5962 /* PBXContainerItemProxy */ = {
			isa = PBXContainerItemProxy;
			containerPortal = 8CB3A9D02862F88A00AB5962 /* Project object */;
			proxyType = 1;
			remoteGlobalIDString = 8CB3A9D72862F88A00AB5962;
			remoteInfo = gitflowTest;
		};
/* End PBXContainerItemProxy section */

/* Begin PBXFileReference section */
		8CB3A9D82862F88A00AB5962 /* gitflowTest.app */ = {isa = PBXFileReference; explicitFileType = wrapper.application; includeInIndex = 0; path = gitflowTest.app; sourceTree = BUILT_PRODUCTS_DIR; };
		8CB3A9DB2862F88A00AB5962 /* AppDelegate.swift */ = {isa = PBXFileReference; lastKnownFileType = sourcecode.swift; path = AppDelegate.swift; sourceTree = "<group>"; };
		8CB3A9DD2862F88A00AB5962 /* SceneDelegate.swift */ = {isa = PBXFileReference; lastKnownFileType = sourcecode.swift; path = SceneDelegate.swift; sourceTree = "<group>"; };
		8CB3A9DF2862F88A00AB5962 /* ViewController.swift */ = {isa = PBXFileReference; lastKnownFileType = sourcecode.swift; path = ViewController.swift; sourceTree = "<group>"; };
		8CB3A9E22862F88A00AB5962 /* Base */ = {isa = PBXFileReference; lastKnownFileType = file.storyboard; name = Base; path = Base.lproj/Main.storyboard; sourceTree = "<group>"; };
		8CB3A9E42862F88B00AB5962 /* Assets.xcassets */ = {isa = PBXFileReference; lastKnownFileType = folder.assetcatalog; path = Assets.xcassets; sourceTree = "<group>"; };
		8CB3A9E72862F88B00AB5962 /* Base */ = {isa = PBXFileReference; lastKnownFileType = file.storyboard; name = Base; path = Base.lproj/LaunchScreen.storyboard; sourceTree = "<group>"; };
		8CB3A9E92862F88B00AB5962 /* Info.plist */ = {isa = PBXFileReference; lastKnownFileType = text.plist.xml; path = Info.plist; sourceTree = "<group>"; };
		8CB3A9EE2862F88B00AB5962 /* gitflowTestTests.xctest */ = {isa = PBXFileReference; explicitFileType = wrapper.cfbundle; includeInIndex = 0; path = gitflowTestTests.xctest; sourceTree = BUILT_PRODUCTS_DIR; };
		8CB3A9F22862F88B00AB5962 /* gitflowTestTests.swift */ = {isa = PBXFileReference; lastKnownFileType = sourcecode.swift; path = gitflowTestTests.swift; sourceTree = "<group>"; };
		8CB3A9F82862F88B00AB5962 /* gitflowTestUITests.xctest */ = {isa = PBXFileReference; explicitFileType = wrapper.cfbundle; includeInIndex = 0; path = gitflowTestUITests.xctest; sourceTree = BUILT_PRODUCTS_DIR; };
		8CB3A9FC2862F88B00AB5962 /* gitflowTestUITests.swift */ = {isa = PBXFileReference; lastKnownFileType = sourcecode.swift; path = gitflowTestUITests.swift; sourceTree = "<group>"; };
		8CB3A9FE2862F88B00AB5962 /* gitflowTestUITestsLaunchTests.swift */ = {isa = PBXFileReference; lastKnownFileType = sourcecode.swift; path = gitflowTestUITestsLaunchTests.swift; sourceTree = "<group>"; };
/* End PBXFileReference section */

/* Begin PBXFrameworksBuildPhase section */
		8CB3A9D52862F88A00AB5962 /* Frameworks */ = {
			isa = PBXFrameworksBuildPhase;
			buildActionMask = 2147483647;
			files = (
			);
			runOnlyForDeploymentPostprocessing = 0;
		};
		8CB3A9EB2862F88B00AB5962 /* Frameworks */ = {
			isa = PBXFrameworksBuildPhase;
			buildActionMask = 2147483647;
			files = (
			);
			runOnlyForDeploymentPostprocessing = 0;
		};
		8CB3A9F52862F88B00AB5962 /* Frameworks */ = {
			isa = PBXFrameworksBuildPhase;
			buildActionMask = 2147483647;
			files = (
			);
			runOnlyForDeploymentPostprocessing = 0;
		};
/* End PBXFrameworksBuildPhase section */

/* Begin PBXGroup section */
		8CB3A9CF2862F88A00AB5962 = {
			isa = PBXGroup;
			children = (
				8CB3A9DA2862F88A00AB5962 /* gitflowTest */,
				8CB3A9F12862F88B00AB5962 /* gitflowTestTests */,
				8CB3A9FB2862F88B00AB5962 /* gitflowTestUITests */,
				8CB3A9D92862F88A00AB5962 /* Products */,
			);
			sourceTree = "<group>";
		};
		8CB3A9D92862F88A00AB5962 /* Products */ = {
			isa = PBXGroup;
			children = (
				8CB3A9D82862F88A00AB5962 /* gitflowTest.app */,
				8CB3A9EE2862F88B00AB5962 /* gitflowTestTests.xctest */,
				8CB3A9F82862F88B00AB5962 /* gitflowTestUITests.xctest */,
			);
			name = Products;
			sourceTree = "<group>";
		};
		8CB3A9DA2862F88A00AB5962 /* gitflowTest */ = {
			isa = PBXGroup;
			children = (
				8CB3A9DB2862F88A00AB5962 /* AppDelegate.swift */,
				8CB3A9DD2862F88A00AB5962 /* SceneDelegate.swift */,
				8CB3A9DF2862F88A00AB5962 /* ViewController.swift */,
				8CB3A9E12862F88A00AB5962 /* Main.storyboard */,
				8CB3A9E42862F88B00AB5962 /* Assets.xcassets */,
				8CB3A9E62862F88B00AB5962 /* LaunchScreen.storyboard */,
				8CB3A9E92862F88B00AB5962 /* Info.plist */,
			);
			path = gitflowTest;
			sourceTree = "<group>";
		};
		8CB3A9F12862F88B00AB5962 /* gitflowTestTests */ = {
			isa = PBXGroup;
			children = (
				8CB3A9F22862F88B00AB5962 /* gitflowTestTests.swift */,
			);
			path = gitflowTestTests;
			sourceTree = "<group>";
		};
		8CB3A9FB2862F88B00AB5962 /* gitflowTestUITests */ = {
			isa = PBXGroup;
			children = (
				8CB3A9FC2862F88B00AB5962 /* gitflowTestUITests.swift */,
				8CB3A9FE2862F88B00AB5962 /* gitflowTestUITestsLaunchTests.swift */,
			);
			path = gitflowTestUITests;
			sourceTree = "<group>";
		};
/* End PBXGroup section */

/* Begin PBXNativeTarget section */
		8CB3A9D72862F88A00AB5962 /* gitflowTest */ = {
			isa = PBXNativeTarget;
			buildConfigurationList = 8CB3AA022862F88B00AB5962 /* Build configuration list for PBXNativeTarget "gitflowTest" */;
			buildPhases = (
				8CB3A9D42862F88A00AB5962 /* Sources */,
				8CB3A9D52862F88A00AB5962 /* Frameworks */,
				8CB3A9D62862F88A00AB5962 /* Resources */,
			);
			buildRules = (
			);
			dependencies = (
			);
			name = gitflowTest;
			productName = gitflowTest;
			productReference = 8CB3A9D82862F88A00AB5962 /* gitflowTest.app */;
			productType = "com.apple.product-type.application";
		};
		8CB3A9ED2862F88B00AB5962 /* gitflowTestTests */ = {
			isa = PBXNativeTarget;
			buildConfigurationList = 8CB3AA052862F88B00AB5962 /* Build configuration list for PBXNativeTarget "gitflowTestTests" */;
			buildPhases = (
				8CB3A9EA2862F88B00AB5962 /* Sources */,
				8CB3A9EB2862F88B00AB5962 /* Frameworks */,
				8CB3A9EC2862F88B00AB5962 /* Resources */,
			);
			buildRules = (
			);
			dependencies = (
				8CB3A9F02862F88B00AB5962 /* PBXTargetDependency */,
			);
			name = gitflowTestTests;
			productName = gitflowTestTests;
			productReference = 8CB3A9EE2862F88B00AB5962 /* gitflowTestTests.xctest */;
			productType = "com.apple.product-type.bundle.unit-test";
		};
		8CB3A9F72862F88B00AB5962 /* gitflowTestUITests */ = {
			isa = PBXNativeTarget;
			buildConfigurationList = 8CB3AA082862F88B00AB5962 /* Build configuration list for PBXNativeTarget "gitflowTestUITests" */;
			buildPhases = (
				8CB3A9F42862F88B00AB5962 /* Sources */,
				8CB3A9F52862F88B00AB5962 /* Frameworks */,
				8CB3A9F62862F88B00AB5962 /* Resources */,
			);
			buildRules = (
			);
			dependencies = (
				8CB3A9FA2862F88B00AB5962 /* PBXTargetDependency */,
			);
			name = gitflowTestUITests;
			productName = gitflowTestUITests;
			productReference = 8CB3A9F82862F88B00AB5962 /* gitflowTestUITests.xctest */;
			productType = "com.apple.product-type.bundle.ui-testing";
		};
/* End PBXNativeTarget section */

/* Begin PBXProject section */
		8CB3A9D02862F88A00AB5962 /* Project object */ = {
			isa = PBXProject;
			attributes = {
				BuildIndependentTargetsInParallel = 1;
				LastSwiftUpdateCheck = 1340;
				LastUpgradeCheck = 1340;
				TargetAttributes = {
					8CB3A9D72862F88A00AB5962 = {
						CreatedOnToolsVersion = 13.4.1;
					};
					8CB3A9ED2862F88B00AB5962 = {
						CreatedOnToolsVersion = 13.4.1;
						TestTargetID = 8CB3A9D72862F88A00AB5962;
					};
					8CB3A9F72862F88B00AB5962 = {
						CreatedOnToolsVersion = 13.4.1;
						TestTargetID = 8CB3A9D72862F88A00AB5962;
					};
				};
			};
			buildConfigurationList = 8CB3A9D32862F88A00AB5962 /* Build configuration list for PBXProject "gitflowTest" */;
			compatibilityVersion = "Xcode 13.0";
			developmentRegion = en;
			hasScannedForEncodings = 0;
			knownRegions = (
				en,
				Base,
			);
			mainGroup = 8CB3A9CF2862F88A00AB5962;
			productRefGroup = 8CB3A9D92862F88A00AB5962 /* Products */;
			projectDirPath = "";
			projectRoot = "";
			targets = (
				8CB3A9D72862F88A00AB5962 /* gitflowTest */,
				8CB3A9ED2862F88B00AB5962 /* gitflowTestTests */,
				8CB3A9F72862F88B00AB5962 /* gitflowTestUITests */,
			);
		};
/* End PBXProject section */

/* Begin PBXResourcesBuildPhase section */
		8CB3A9D62862F88A00AB5962 /* Resources */ = {
			isa = PBXResourcesBuildPhase;
			buildActionMask = 2147483647;
			files = (
				8CB3A9E82862F88B00AB5962 /* LaunchScreen.storyboard in Resources */,
				8CB3A9E52862F88B00AB5962 /* Assets.xcassets in Resources */,
				8CB3A9E32862F88A00AB5962 /* Main.storyboard in Resources */,
			);
			runOnlyForDeploymentPostprocessing = 0;
		};
		8CB3A9EC2862F88B00AB5962 /* Resources */ = {
			isa = PBXResourcesBuildPhase;
			buildActionMask = 2147483647;
			files = (
			);
			runOnlyForDeploymentPostprocessing = 0;
		};
		8CB3A9F62862F88B00AB5962 /* Resources */ = {
			isa = PBXResourcesBuildPhase;
			buildActionMask = 2147483647;
			files = (
			);
			runOnlyForDeploymentPostprocessing = 0;
		};
/* End PBXResourcesBuildPhase section */

/* Begin PBXSourcesBuildPhase section */
		8CB3A9D42862F88A00AB5962 /* Sources */ = {
			isa = PBXSourcesBuildPhase;
			buildActionMask = 2147483647;
			files = (
				8CB3A9E02862F88A00AB5962 /* ViewController.swift in Sources */,
				8CB3A9DC2862F88A00AB5962 /* AppDelegate.swift in Sources */,
				8CB3A9DE2862F88A00AB5962 /* SceneDelegate.swift in Sources */,
			);
			runOnlyForDeploymentPostprocessing = 0;
		};
		8CB3A9EA2862F88B00AB5962 /* Sources */ = {
			isa = PBXSourcesBuildPhase;
			buildActionMask = 2147483647;
			files = (
				8CB3A9F32862F88B00AB5962 /* gitflowTestTests.swift in Sources */,
			);
			runOnlyForDeploymentPostprocessing = 0;
		};
		8CB3A9F42862F88B00AB5962 /* Sources */ = {
			isa = PBXSourcesBuildPhase;
			buildActionMask = 2147483647;
			files = (
				8CB3A9FD2862F88B00AB5962 /* gitflowTestUITests.swift in Sources */,
				8CB3A9FF2862F88B00AB5962 /* gitflowTestUITestsLaunchTests.swift in Sources */,
			);
			runOnlyForDeploymentPostprocessing = 0;
		};
/* End PBXSourcesBuildPhase section */

/* Begin PBXTargetDependency section */
		8CB3A9F02862F88B00AB5962 /* PBXTargetDependency */ = {
			isa = PBXTargetDependency;
			target = 8CB3A9D72862F88A00AB5962 /* gitflowTest */;
			targetProxy = 8CB3A9EF2862F88B00AB5962 /* PBXContainerItemProxy */;
		};
		8CB3A9FA2862F88B00AB5962 /* PBXTargetDependency */ = {
			isa = PBXTargetDependency;
			target = 8CB3A9D72862F88A00AB5962 /* gitflowTest */;
			targetProxy = 8CB3A9F92862F88B00AB5962 /* PBXContainerItemProxy */;
		};
/* End PBXTargetDependency section */

/* Begin PBXVariantGroup section */
		8CB3A9E12862F88A00AB5962 /* Main.storyboard */ = {
			isa = PBXVariantGroup;
			children = (
				8CB3A9E22862F88A00AB5962 /* Base */,
			);
			name = Main.storyboard;
			sourceTree = "<group>";
		};
		8CB3A9E62862F88B00AB5962 /* LaunchScreen.storyboard */ = {
			isa = PBXVariantGroup;
			children = (
				8CB3A9E72862F88B00AB5962 /* Base */,
			);
			name = LaunchScreen.storyboard;
			sourceTree = "<group>";
		};
/* End PBXVariantGroup section */

/* Begin XCBuildConfiguration section */
		8CB3AA002862F88B00AB5962 /* Debug */ = {
			isa = XCBuildConfiguration;
			buildSettings = {
				ALWAYS_SEARCH_USER_PATHS = NO;
				CLANG_ANALYZER_NONNULL = YES;
				CLANG_ANALYZER_NUMBER_OBJECT_CONVERSION = YES_AGGRESSIVE;
				CLANG_CXX_LANGUAGE_STANDARD = "gnu++17";
				CLANG_ENABLE_MODULES = YES;
				CLANG_ENABLE_OBJC_ARC = YES;
				CLANG_ENABLE_OBJC_WEAK = YES;
				CLANG_WARN_BLOCK_CAPTURE_AUTORELEASING = YES;
				CLANG_WARN_BOOL_CONVERSION = YES;
				CLANG_WARN_COMMA = YES;
				CLANG_WARN_CONSTANT_CONVERSION = YES;
				CLANG_WARN_DEPRECATED_OBJC_IMPLEMENTATIONS = YES;
				CLANG_WARN_DIRECT_OBJC_ISA_USAGE = YES_ERROR;
				CLANG_WARN_DOCUMENTATION_COMMENTS = YES;
				CLANG_WARN_EMPTY_BODY = YES;
				CLANG_WARN_ENUM_CONVERSION = YES;
				CLANG_WARN_INFINITE_RECURSION = YES;
				CLANG_WARN_INT_CONVERSION = YES;
				CLANG_WARN_NON_LITERAL_NULL_CONVERSION = YES;
				CLANG_WARN_OBJC_IMPLICIT_RETAIN_SELF = YES;
				CLANG_WARN_OBJC_LITERAL_CONVERSION = YES;
				CLANG_WARN_OBJC_ROOT_CLASS = YES_ERROR;
				CLANG_WARN_QUOTED_INCLUDE_IN_FRAMEWORK_HEADER = YES;
				CLANG_WARN_RANGE_LOOP_ANALYSIS = YES;
				CLANG_WARN_STRICT_PROTOTYPES = YES;
				CLANG_WARN_SUSPICIOUS_MOVE = YES;
				CLANG_WARN_UNGUARDED_AVAILABILITY = YES_AGGRESSIVE;
				CLANG_WARN_UNREACHABLE_CODE = YES;
				CLANG_WARN__DUPLICATE_METHOD_MATCH = YES;
				COPY_PHASE_STRIP = NO;
				DEBUG_INFORMATION_FORMAT = dwarf;
				ENABLE_STRICT_OBJC_MSGSEND = YES;
				ENABLE_TESTABILITY = YES;
				GCC_C_LANGUAGE_STANDARD = gnu11;
				GCC_DYNAMIC_NO_PIC = NO;
				GCC_NO_COMMON_BLOCKS = YES;
				GCC_OPTIMIZATION_LEVEL = 0;
				GCC_PREPROCESSOR_DEFINITIONS = (
					"DEBUG=1",
					"$(inherited)",
				);
				GCC_WARN_64_TO_32_BIT_CONVERSION = YES;
				GCC_WARN_ABOUT_RETURN_TYPE = YES_ERROR;
				GCC_WARN_UNDECLARED_SELECTOR = YES;
				GCC_WARN_UNINITIALIZED_AUTOS = YES_AGGRESSIVE;
				GCC_WARN_UNUSED_FUNCTION = YES;
				GCC_WARN_UNUSED_VARIABLE = YES;
				IPHONEOS_DEPLOYMENT_TARGET = 15.5;
				MTL_ENABLE_DEBUG_INFO = INCLUDE_SOURCE;
				MTL_FAST_MATH = YES;
				ONLY_ACTIVE_ARCH = YES;
				SDKROOT = iphoneos;
				SWIFT_ACTIVE_COMPILATION_CONDITIONS = DEBUG;
				SWIFT_OPTIMIZATION_LEVEL = "-Onone";
			};
			name = Debug;
		};
		8CB3AA012862F88B00AB5962 /* Release */ = {
			isa = XCBuildConfiguration;
			buildSettings = {
				ALWAYS_SEARCH_USER_PATHS = NO;
				CLANG_ANALYZER_NONNULL = YES;
				CLANG_ANALYZER_NUMBER_OBJECT_CONVERSION = YES_AGGRESSIVE;
				CLANG_CXX_LANGUAGE_STANDARD = "gnu++17";
				CLANG_ENABLE_MODULES = YES;
				CLANG_ENABLE_OBJC_ARC = YES;
				CLANG_ENABLE_OBJC_WEAK = YES;
				CLANG_WARN_BLOCK_CAPTURE_AUTORELEASING = YES;
				CLANG_WARN_BOOL_CONVERSION = YES;
				CLANG_WARN_COMMA = YES;
				CLANG_WARN_CONSTANT_CONVERSION = YES;
				CLANG_WARN_DEPRECATED_OBJC_IMPLEMENTATIONS = YES;
				CLANG_WARN_DIRECT_OBJC_ISA_USAGE = YES_ERROR;
				CLANG_WARN_DOCUMENTATION_COMMENTS = YES;
				CLANG_WARN_EMPTY_BODY = YES;
				CLANG_WARN_ENUM_CONVERSION = YES;
				CLANG_WARN_INFINITE_RECURSION = YES;
				CLANG_WARN_INT_CONVERSION = YES;
				CLANG_WARN_NON_LITERAL_NULL_CONVERSION = YES;
				CLANG_WARN_OBJC_IMPLICIT_RETAIN_SELF = YES;
				CLANG_WARN_OBJC_LITERAL_CONVERSION = YES;
				CLANG_WARN_OBJC_ROOT_CLASS = YES_ERROR;
				CLANG_WARN_QUOTED_INCLUDE_IN_FRAMEWORK_HEADER = YES;
				CLANG_WARN_RANGE_LOOP_ANALYSIS = YES;
				CLANG_WARN_STRICT_PROTOTYPES = YES;
				CLANG_WARN_SUSPICIOUS_MOVE = YES;
				CLANG_WARN_UNGUARDED_AVAILABILITY = YES_AGGRESSIVE;
				CLANG_WARN_UNREACHABLE_CODE = YES;
				CLANG_WARN__DUPLICATE_METHOD_MATCH = YES;
				COPY_PHASE_STRIP = NO;
				DEBUG_INFORMATION_FORMAT = "dwarf-with-dsym";
				ENABLE_NS_ASSERTIONS = NO;
				ENABLE_STRICT_OBJC_MSGSEND = YES;
				GCC_C_LANGUAGE_STANDARD = gnu11;
				GCC_NO_COMMON_BLOCKS = YES;
				GCC_WARN_64_TO_32_BIT_CONVERSION = YES;
				GCC_WARN_ABOUT_RETURN_TYPE = YES_ERROR;
				GCC_WARN_UNDECLARED_SELECTOR = YES;
				GCC_WARN_UNINITIALIZED_AUTOS = YES_AGGRESSIVE;
				GCC_WARN_UNUSED_FUNCTION = YES;
				GCC_WARN_UNUSED_VARIABLE = YES;
				IPHONEOS_DEPLOYMENT_TARGET = 15.5;
				MTL_ENABLE_DEBUG_INFO = NO;
				MTL_FAST_MATH = YES;
				SDKROOT = iphoneos;
				SWIFT_COMPILATION_MODE = wholemodule;
				SWIFT_OPTIMIZATION_LEVEL = "-O";
				VALIDATE_PRODUCT = YES;
			};
			name = Release;
		};
		8CB3AA032862F88B00AB5962 /* Debug */ = {
			isa = XCBuildConfiguration;
			buildSettings = {
				ASSETCATALOG_COMPILER_APPICON_NAME = AppIcon;
				ASSETCATALOG_COMPILER_GLOBAL_ACCENT_COLOR_NAME = AccentColor;
				CODE_SIGN_STYLE = Automatic;
				CURRENT_PROJECT_VERSION = 1;
				DEVELOPMENT_TEAM = M4D9WCCL22;
				GENERATE_INFOPLIST_FILE = YES;
				INFOPLIST_FILE = gitflowTest/Info.plist;
				INFOPLIST_KEY_UIApplicationSupportsIndirectInputEvents = YES;
				INFOPLIST_KEY_UILaunchStoryboardName = LaunchScreen;
				INFOPLIST_KEY_UIMainStoryboardFile = Main;
				INFOPLIST_KEY_UISupportedInterfaceOrientations_iPad = "UIInterfaceOrientationPortrait UIInterfaceOrientationPortraitUpsideDown UIInterfaceOrientationLandscapeLeft UIInterfaceOrientationLandscapeRight";
				INFOPLIST_KEY_UISupportedInterfaceOrientations_iPhone = "UIInterfaceOrientationPortrait UIInterfaceOrientationLandscapeLeft UIInterfaceOrientationLandscapeRight";
				LD_RUNPATH_SEARCH_PATHS = (
					"$(inherited)",
					"@executable_path/Frameworks",
				);
				MARKETING_VERSION = 1.0;
				PRODUCT_BUNDLE_IDENTIFIER = com.ayxan.gitflowTest;
				PRODUCT_NAME = "$(TARGET_NAME)";
				SWIFT_EMIT_LOC_STRINGS = YES;
				SWIFT_VERSION = 5.0;
				TARGETED_DEVICE_FAMILY = "1,2";
			};
			name = Debug;
		};
		8CB3AA042862F88B00AB5962 /* Release */ = {
			isa = XCBuildConfiguration;
			buildSettings = {
				ASSETCATALOG_COMPILER_APPICON_NAME = AppIcon;
				ASSETCATALOG_COMPILER_GLOBAL_ACCENT_COLOR_NAME = AccentColor;
				CODE_SIGN_STYLE = Automatic;
				CURRENT_PROJECT_VERSION = 1;
				DEVELOPMENT_TEAM = M4D9WCCL22;
				GENERATE_INFOPLIST_FILE = YES;
				INFOPLIST_FILE = gitflowTest/Info.plist;
				INFOPLIST_KEY_UIApplicationSupportsIndirectInputEvents = YES;
				INFOPLIST_KEY_UILaunchStoryboardName = LaunchScreen;
				INFOPLIST_KEY_UIMainStoryboardFile = Main;
				INFOPLIST_KEY_UISupportedInterfaceOrientations_iPad = "UIInterfaceOrientationPortrait UIInterfaceOrientationPortraitUpsideDown UIInterfaceOrientationLandscapeLeft UIInterfaceOrientationLandscapeRight";
				INFOPLIST_KEY_UISupportedInterfaceOrientations_iPhone = "UIInterfaceOrientationPortrait UIInterfaceOrientationLandscapeLeft UIInterfaceOrientationLandscapeRight";
				LD_RUNPATH_SEARCH_PATHS = (
					"$(inherited)",
					"@executable_path/Frameworks",
				);
				MARKETING_VERSION = 1.0;
				PRODUCT_BUNDLE_IDENTIFIER = com.ayxan.gitflowTest;
				PRODUCT_NAME = "$(TARGET_NAME)";
				SWIFT_EMIT_LOC_STRINGS = YES;
				SWIFT_VERSION = 5.0;
				TARGETED_DEVICE_FAMILY = "1,2";
			};
			name = Release;
		};
		8CB3AA062862F88B00AB5962 /* Debug */ = {
			isa = XCBuildConfiguration;
			buildSettings = {
				ALWAYS_EMBED_SWIFT_STANDARD_LIBRARIES = YES;
				BUNDLE_LOADER = "$(TEST_HOST)";
				CODE_SIGN_STYLE = Automatic;
				CURRENT_PROJECT_VERSION = 1;
				DEVELOPMENT_TEAM = M4D9WCCL22;
				GENERATE_INFOPLIST_FILE = YES;
				IPHONEOS_DEPLOYMENT_TARGET = 15.5;
				MARKETING_VERSION = 1.0;
				PRODUCT_BUNDLE_IDENTIFIER = com.ayxan.gitflowTestTests;
				PRODUCT_NAME = "$(TARGET_NAME)";
				SWIFT_EMIT_LOC_STRINGS = NO;
				SWIFT_VERSION = 5.0;
				TARGETED_DEVICE_FAMILY = "1,2";
				TEST_HOST = "$(BUILT_PRODUCTS_DIR)/gitflowTest.app/gitflowTest";
			};
			name = Debug;
		};
		8CB3AA072862F88B00AB5962 /* Release */ = {
			isa = XCBuildConfiguration;
			buildSettings = {
				ALWAYS_EMBED_SWIFT_STANDARD_LIBRARIES = YES;
				BUNDLE_LOADER = "$(TEST_HOST)";
				CODE_SIGN_STYLE = Automatic;
				CURRENT_PROJECT_VERSION = 1;
				DEVELOPMENT_TEAM = M4D9WCCL22;
				GENERATE_INFOPLIST_FILE = YES;
				IPHONEOS_DEPLOYMENT_TARGET = 15.5;
				MARKETING_VERSION = 1.0;
				PRODUCT_BUNDLE_IDENTIFIER = com.ayxan.gitflowTestTests;
				PRODUCT_NAME = "$(TARGET_NAME)";
				SWIFT_EMIT_LOC_STRINGS = NO;
				SWIFT_VERSION = 5.0;
				TARGETED_DEVICE_FAMILY = "1,2";
				TEST_HOST = "$(BUILT_PRODUCTS_DIR)/gitflowTest.app/gitflowTest";
			};
			name = Release;
		};
		8CB3AA092862F88B00AB5962 /* Debug */ = {
			isa = XCBuildConfiguration;
			buildSettings = {
				ALWAYS_EMBED_SWIFT_STANDARD_LIBRARIES = YES;
				CODE_SIGN_STYLE = Automatic;
				CURRENT_PROJECT_VERSION = 1;
				DEVELOPMENT_TEAM = M4D9WCCL22;
				GENERATE_INFOPLIST_FILE = YES;
				MARKETING_VERSION = 1.0;
				PRODUCT_BUNDLE_IDENTIFIER = com.ayxan.gitflowTestUITests;
				PRODUCT_NAME = "$(TARGET_NAME)";
				SWIFT_EMIT_LOC_STRINGS = NO;
				SWIFT_VERSION = 5.0;
				TARGETED_DEVICE_FAMILY = "1,2";
				TEST_TARGET_NAME = gitflowTest;
			};
			name = Debug;
		};
		8CB3AA0A2862F88B00AB5962 /* Release */ = {
			isa = XCBuildConfiguration;
			buildSettings = {
				ALWAYS_EMBED_SWIFT_STANDARD_LIBRARIES = YES;
				CODE_SIGN_STYLE = Automatic;
				CURRENT_PROJECT_VERSION = 1;
				DEVELOPMENT_TEAM = M4D9WCCL22;
				GENERATE_INFOPLIST_FILE = YES;
				MARKETING_VERSION = 1.0;
				PRODUCT_BUNDLE_IDENTIFIER = com.ayxan.gitflowTestUITests;
				PRODUCT_NAME = "$(TARGET_NAME)";
				SWIFT_EMIT_LOC_STRINGS = NO;
				SWIFT_VERSION = 5.0;
				TARGETED_DEVICE_FAMILY = "1,2";
				TEST_TARGET_NAME = gitflowTest;
			};
			name = Release;
		};
/* End XCBuildConfiguration section */

/* Begin XCConfigurationList section */
		8CB3A9D32862F88A00AB5962 /* Build configuration list for PBXProject "gitflowTest" */ = {
			isa = XCConfigurationList;
			buildConfigurations = (
				8CB3AA002862F88B00AB5962 /* Debug */,
				8CB3AA012862F88B00AB5962 /* Release */,
			);
			defaultConfigurationIsVisible = 0;
			defaultConfigurationName = Release;
		};
		8CB3AA022862F88B00AB5962 /* Build configuration list for PBXNativeTarget "gitflowTest" */ = {
			isa = XCConfigurationList;
			buildConfigurations = (
				8CB3AA032862F88B00AB5962 /* Debug */,
				8CB3AA042862F88B00AB5962 /* Release */,
			);
			defaultConfigurationIsVisible = 0;
			defaultConfigurationName = Release;
		};
		8CB3AA052862F88B00AB5962 /* Build configuration list for PBXNativeTarget "gitflowTestTests" */ = {
			isa = XCConfigurationList;
			buildConfigurations = (
				8CB3AA062862F88B00AB5962 /* Debug */,
				8CB3AA072862F88B00AB5962 /* Release */,
			);
			defaultConfigurationIsVisible = 0;
			defaultConfigurationName = Release;
		};
		8CB3AA082862F88B00AB5962 /* Build configuration list for PBXNativeTarget "gitflowTestUITests" */ = {
			isa = XCConfigurationList;
			buildConfigurations = (
				8CB3AA092862F88B00AB5962 /* Debug */,
				8CB3AA0A2862F88B00AB5962 /* Release */,
			);
			defaultConfigurationIsVisible = 0;
			defaultConfigurationName = Release;
		};
/* End XCConfigurationList section */
	};
	rootObject = 8CB3A9D02862F88A00AB5962 /* Project object */;
}
